
Microsoft Visual Studio Solution File, Format Version 12.00
Project("{FAE04EC0-301F-11D3-BF4B-00C04F79EFBC}") = "Bigo.BigQuery.Parser", "Bigo.BigQuery.Parser\Bigo.BigQuery.Parser.csproj", "{F9236783-11F2-46DE-8DE8-F9F217B70C3E}"
EndProject
Project("{FAE04EC0-301F-11D3-BF4B-00C04F79EFBC}") = "Bigo.BigQuery.Parser.Tests", "Bigo.BigQuery.Parser.Tests\Bigo.BigQuery.Parser.Tests.csproj", "{AD9E579E-864C-436D-99B6-27EC059F7302}"
EndProject
Project("{2150E333-8FDC-42A3-9474-1A3956D46DE8}") = "tests", "tests", "{E1F62203-3808-445F-B036-ACE6EDFB0D06}"
EndProject
Global
	GlobalSection(SolutionConfigurationPlatforms) = preSolution
		Debug|Any CPU = Debug|Any CPU
		Release|Any CPU = Release|Any CPU
	EndGlobalSection
	GlobalSection(ProjectConfigurationPlatforms) = postSolution
		{F9236783-11F2-46DE-8DE8-F9F217B70C3E}.Debug|Any CPU.ActiveCfg = Debug|Any CPU
		{F9236783-11F2-46DE-8DE8-F9F217B70C3E}.Debug|Any CPU.Build.0 = Debug|Any CPU
		{F9236783-11F2-46DE-8DE8-F9F217B70C3E}.Release|Any CPU.ActiveCfg = Release|Any CPU
		{F9236783-11F2-46DE-8DE8-F9F217B70C3E}.Release|Any CPU.Build.0 = Release|Any CPU
		{AD9E579E-864C-436D-99B6-27EC059F7302}.Debug|Any CPU.ActiveCfg = Debug|Any CPU
		{AD9E579E-864C-436D-99B6-27EC059F7302}.Debug|Any CPU.Build.0 = Debug|Any CPU
		{AD9E579E-864C-436D-99B6-27EC059F7302}.Release|Any CPU.ActiveCfg = Release|Any CPU
		{AD9E579E-864C-436D-99B6-27EC059F7302}.Release|Any CPU.Build.0 = Release|Any CPU
	EndGlobalSection
	GlobalSection(NestedProjects) = preSolution
		{AD9E579E-864C-436D-99B6-27EC059F7302} = {E1F62203-3808-445F-B036-ACE6EDFB0D06}
	EndGlobalSection
EndGlobal
